
Microsoft Visual Studio Solution File, Format Version 12.00
# Visual Studio Version 17
VisualStudioVersion = 17.5.33530.505
MinimumVisualStudioVersion = 10.0.40219.1
Project("{FAE04EC0-301F-11D3-BF4B-00C04F79EFBC}") = "Билет 19", "Билет 19\Билет 19.csproj", "{FB8BBA59-D52B-4F69-9DFE-63EBE746B33F}"
EndProject
Global
	GlobalSection(SolutionConfigurationPlatforms) = preSolution
		Debug|Any CPU = Debug|Any CPU
		Release|Any CPU = Release|Any CPU
	EndGlobalSection
	GlobalSection(ProjectConfigurationPlatforms) = postSolution
		{FB8BBA59-D52B-4F69-9DFE-63EBE746B33F}.Debug|Any CPU.ActiveCfg = Debug|Any CPU
		{FB8BBA59-D52B-4F69-9DFE-63EBE746B33F}.Debug|Any CPU.Build.0 = Debug|Any CPU
		{FB8BBA59-D52B-4F69-9DFE-63EBE746B33F}.Release|Any CPU.ActiveCfg = Release|Any CPU
		{FB8BBA59-D52B-4F69-9DFE-63EBE746B33F}.Release|Any CPU.Build.0 = Release|Any CPU
	EndGlobalSection
	GlobalSection(SolutionProperties) = preSolution
		HideSolutionNode = FALSE
	EndGlobalSection
	GlobalSection(ExtensibilityGlobals) = postSolution
		SolutionGuid = {F5DCD3EF-F136-4718-8C33-8188CCCC8E12}
	EndGlobalSection
EndGlobal
